
Microsoft Visual Studio Solution File, Format Version 12.00
# Visual Studio Version 17
VisualStudioVersion = 17.10.35013.160
MinimumVisualStudioVersion = 10.0.40219.1
Project("{FAE04EC0-301F-11D3-BF4B-00C04F79EFBC}") = "Fitness Center", "Fitness Center\Fitness Center.csproj", "{138F89A4-5111-4D74-8E73-9CA705EBCC98}"
EndProject
Global
	GlobalSection(SolutionConfigurationPlatforms) = preSolution
		Debug|Any CPU = Debug|Any CPU
		Release|Any CPU = Release|Any CPU
	EndGlobalSection
	GlobalSection(ProjectConfigurationPlatforms) = postSolution
		{138F89A4-5111-4D74-8E73-9CA705EBCC98}.Debug|Any CPU.ActiveCfg = Debug|Any CPU
		{138F89A4-5111-4D74-8E73-9CA705EBCC98}.Debug|Any CPU.Build.0 = Debug|Any CPU
		{138F89A4-5111-4D74-8E73-9CA705EBCC98}.Release|Any CPU.ActiveCfg = Release|Any CPU
		{138F89A4-5111-4D74-8E73-9CA705EBCC98}.Release|Any CPU.Build.0 = Release|Any CPU
	EndGlobalSection
	GlobalSection(SolutionProperties) = preSolution
		HideSolutionNode = FALSE
	EndGlobalSection
	GlobalSection(ExtensibilityGlobals) = postSolution
		SolutionGuid = {DAF5DD9E-D600-4051-AA5E-4580A754B88A}
	EndGlobalSection
EndGlobal
